// !$*UTF8*$!
{
	archiveVersion = 1;
	classes = {
	};
	objectVersion = 50;
	objects = {

/* Begin PBXBuildFile section */
		5BBB4A4623DF7AA200BDF97E /* AppDelegate.swift in Sources */ = {isa = PBXBuildFile; fileRef = 5BBB4A4523DF7AA200BDF97E /* AppDelegate.swift */; };
		5BBB4A4823DF7AA200BDF97E /* SceneDelegate.swift in Sources */ = {isa = PBXBuildFile; fileRef = 5BBB4A4723DF7AA200BDF97E /* SceneDelegate.swift */; };
		5BBB4A4A23DF7AA200BDF97E /* ViewController.swift in Sources */ = {isa = PBXBuildFile; fileRef = 5BBB4A4923DF7AA200BDF97E /* ViewController.swift */; };
		5BBB4A4D23DF7AA200BDF97E /* Main.storyboard in Resources */ = {isa = PBXBuildFile; fileRef = 5BBB4A4B23DF7AA200BDF97E /* Main.storyboard */; };
		5BBB4A4F23DF7AA400BDF97E /* Assets.xcassets in Resources */ = {isa = PBXBuildFile; fileRef = 5BBB4A4E23DF7AA400BDF97E /* Assets.xcassets */; };
		5BBB4A5223DF7AA400BDF97E /* LaunchScreen.storyboard in Resources */ = {isa = PBXBuildFile; fileRef = 5BBB4A5023DF7AA400BDF97E /* LaunchScreen.storyboard */; };
/* End PBXBuildFile section */

/* Begin PBXFileReference section */
		5BBB4A4223DF7AA200BDF97E /* testgithabList.app */ = {isa = PBXFileReference; explicitFileType = wrapper.application; includeInIndex = 0; path = testgithabList.app; sourceTree = BUILT_PRODUCTS_DIR; };
		5BBB4A4523DF7AA200BDF97E /* AppDelegate.swift */ = {isa = PBXFileReference; lastKnownFileType = sourcecode.swift; path = AppDelegate.swift; sourceTree = "<group>"; };
		5BBB4A4723DF7AA200BDF97E /* SceneDelegate.swift */ = {isa = PBXFileReference; lastKnownFileType = sourcecode.swift; path = SceneDelegate.swift; sourceTree = "<group>"; };
		5BBB4A4923DF7AA200BDF97E /* ViewController.swift */ = {isa = PBXFileReference; lastKnownFileType = sourcecode.swift; path = ViewController.swift; sourceTree = "<group>"; };
		5BBB4A4C23DF7AA200BDF97E /* Base */ = {isa = PBXFileReference; lastKnownFileType = file.storyboard; name = Base; path = Base.lproj/Main.storyboard; sourceTree = "<group>"; };
		5BBB4A4E23DF7AA400BDF97E /* Assets.xcassets */ = {isa = PBXFileReference; lastKnownFileType = folder.assetcatalog; path = Assets.xcassets; sourceTree = "<group>"; };
		5BBB4A5123DF7AA400BDF97E /* Base */ = {isa = PBXFileReference; lastKnownFileType = file.storyboard; name = Base; path = Base.lproj/LaunchScreen.storyboard; sourceTree = "<group>"; };
		5BBB4A5323DF7AA400BDF97E /* Info.plist */ = {isa = PBXFileReference; lastKnownFileType = text.plist.xml; path = Info.plist; sourceTree = "<group>"; };
/* End PBXFileReference section */

/* Begin PBXFrameworksBuildPhase section */
		5BBB4A3F23DF7AA200BDF97E /* Frameworks */ = {
			isa = PBXFrameworksBuildPhase;
			buildActionMask = 2147483647;
			files = (
			);
			runOnlyForDeploymentPostprocessing = 0;
		};
/* End PBXFrameworksBuildPhase section */

/* Begin PBXGroup section */
		5BBB4A3923DF7AA200BDF97E = {
			isa = PBXGroup;
			children = (
				5BBB4A4423DF7AA200BDF97E /* testgithabList */,
				5BBB4A4323DF7AA200BDF97E /* Products */,
			);
			sourceTree = "<group>";
		};
		5BBB4A4323DF7AA200BDF97E /* Products */ = {
			isa = PBXGroup;
			children = (
				5BBB4A4223DF7AA200BDF97E /* testgithabList.app */,
			);
			name = Products;
			sourceTree = "<group>";
		};
		5BBB4A4423DF7AA200BDF97E /* testgithabList */ = {
			isa = PBXGroup;
			children = (
				5BBB4A4523DF7AA200BDF97E /* AppDelegate.swift */,
				5BBB4A4723DF7AA200BDF97E /* SceneDelegate.swift */,
				5BBB4A4923DF7AA200BDF97E /* ViewController.swift */,
				5BBB4A4B23DF7AA200BDF97E /* Main.storyboard */,
				5BBB4A4E23DF7AA400BDF97E /* Assets.xcassets */,
				5BBB4A5023DF7AA400BDF97E /* LaunchScreen.storyboard */,
				5BBB4A5323DF7AA400BDF97E /* Info.plist */,
			);
			path = testgithabList;
			sourceTree = "<group>";
		};
/* End PBXGroup section */

/* Begin PBXNativeTarget section */
		5BBB4A4123DF7AA200BDF97E /* testgithabList */ = {
			isa = PBXNativeTarget;
			buildConfigurationList = 5BBB4A5623DF7AA400BDF97E /* Build configuration list for PBXNativeTarget "testgithabList" */;
			buildPhases = (
				5BBB4A3E23DF7AA200BDF97E /* Sources */,
				5BBB4A3F23DF7AA200BDF97E /* Frameworks */,
				5BBB4A4023DF7AA200BDF97E /* Resources */,
			);
			buildRules = (
			);
			dependencies = (
			);
			name = testgithabList;
			productName = testgithabList;
			productReference = 5BBB4A4223DF7AA200BDF97E /* testgithabList.app */;
			productType = "com.apple.product-type.application";
		};
/* End PBXNativeTarget section */

/* Begin PBXProject section */
		5BBB4A3A23DF7AA200BDF97E /* Project object */ = {
			isa = PBXProject;
			attributes = {
				LastSwiftUpdateCheck = 1120;
				LastUpgradeCheck = 1120;
				ORGANIZATIONNAME = "Максим Никитюк";
				TargetAttributes = {
					5BBB4A4123DF7AA200BDF97E = {
						CreatedOnToolsVersion = 11.2.1;
					};
				};
			};
			buildConfigurationList = 5BBB4A3D23DF7AA200BDF97E /* Build configuration list for PBXProject "testgithabList" */;
			compatibilityVersion = "Xcode 9.3";
			developmentRegion = en;
			hasScannedForEncodings = 0;
			knownRegions = (
				en,
				Base,
			);
			mainGroup = 5BBB4A3923DF7AA200BDF97E;
			productRefGroup = 5BBB4A4323DF7AA200BDF97E /* Products */;
			projectDirPath = "";
			projectRoot = "";
			targets = (
				5BBB4A4123DF7AA200BDF97E /* testgithabList */,
			);
		};
/* End PBXProject section */

/* Begin PBXResourcesBuildPhase section */
		5BBB4A4023DF7AA200BDF97E /* Resources */ = {
			isa = PBXResourcesBuildPhase;
			buildActionMask = 2147483647;
			files = (
				5BBB4A5223DF7AA400BDF97E /* LaunchScreen.storyboard in Resources */,
				5BBB4A4F23DF7AA400BDF97E /* Assets.xcassets in Resources */,
				5BBB4A4D23DF7AA200BDF97E /* Main.storyboard in Resources */,
			);
			runOnlyForDeploymentPostprocessing = 0;
		};
/* End PBXResourcesBuildPhase section */

/* Begin PBXSourcesBuildPhase section */
		5BBB4A3E23DF7AA200BDF97E /* Sources */ = {
			isa = PBXSourcesBuildPhase;
			buildActionMask = 2147483647;
			files = (
				5BBB4A4A23DF7AA200BDF97E /* ViewController.swift in Sources */,
				5BBB4A4623DF7AA200BDF97E /* AppDelegate.swift in Sources */,
				5BBB4A4823DF7AA200BDF97E /* SceneDelegate.swift in Sources */,
			);
			runOnlyForDeploymentPostprocessing = 0;
		};
/* End PBXSourcesBuildPhase section */

/* Begin PBXVariantGroup section */
		5BBB4A4B23DF7AA200BDF97E /* Main.storyboard */ = {
			isa = PBXVariantGroup;
			children = (
				5BBB4A4C23DF7AA200BDF97E /* Base */,
			);
			name = Main.storyboard;
			sourceTree = "<group>";
		};
		5BBB4A5023DF7AA400BDF97E /* LaunchScreen.storyboard */ = {
			isa = PBXVariantGroup;
			children = (
				5BBB4A5123DF7AA400BDF97E /* Base */,
			);
			name = LaunchScreen.storyboard;
			sourceTree = "<group>";
		};
/* End PBXVariantGroup section */

/* Begin XCBuildConfiguration section */
		5BBB4A5423DF7AA400BDF97E /* Debug */ = {
			isa = XCBuildConfiguration;
			buildSettings = {
				ALWAYS_SEARCH_USER_PATHS = NO;
				CLANG_ANALYZER_NONNULL = YES;
				CLANG_ANALYZER_NUMBER_OBJECT_CONVERSION = YES_AGGRESSIVE;
				CLANG_CXX_LANGUAGE_STANDARD = "gnu++14";
				CLANG_CXX_LIBRARY = "libc++";
				CLANG_ENABLE_MODULES = YES;
				CLANG_ENABLE_OBJC_ARC = YES;
				CLANG_ENABLE_OBJC_WEAK = YES;
				CLANG_WARN_BLOCK_CAPTURE_AUTORELEASING = YES;
				CLANG_WARN_BOOL_CONVERSION = YES;
				CLANG_WARN_COMMA = YES;
				CLANG_WARN_CONSTANT_CONVERSION = YES;
				CLANG_WARN_DEPRECATED_OBJC_IMPLEMENTATIONS = YES;
				CLANG_WARN_DIRECT_OBJC_ISA_USAGE = YES_ERROR;
				CLANG_WARN_DOCUMENTATION_COMMENTS = YES;
				CLANG_WARN_EMPTY_BODY = YES;
				CLANG_WARN_ENUM_CONVERSION = YES;
				CLANG_WARN_INFINITE_RECURSION = YES;
				CLANG_WARN_INT_CONVERSION = YES;
				CLANG_WARN_NON_LITERAL_NULL_CONVERSION = YES;
				CLANG_WARN_OBJC_IMPLICIT_RETAIN_SELF = YES;
				CLANG_WARN_OBJC_LITERAL_CONVERSION = YES;
				CLANG_WARN_OBJC_ROOT_CLASS = YES_ERROR;
				CLANG_WARN_RANGE_LOOP_ANALYSIS = YES;
				CLANG_WARN_STRICT_PROTOTYPES = YES;
				CLANG_WARN_SUSPICIOUS_MOVE = YES;
				CLANG_WARN_UNGUARDED_AVAILABILITY = YES_AGGRESSIVE;
				CLANG_WARN_UNREACHABLE_CODE = YES;
				CLANG_WARN__DUPLICATE_METHOD_MATCH = YES;
				COPY_PHASE_STRIP = NO;
				DEBUG_INFORMATION_FORMAT = dwarf;
				ENABLE_STRICT_OBJC_MSGSEND = YES;
				ENABLE_TESTABILITY = YES;
				GCC_C_LANGUAGE_STANDARD = gnu11;
				GCC_DYNAMIC_NO_PIC = NO;
				GCC_NO_COMMON_BLOCKS = YES;
				GCC_OPTIMIZATION_LEVEL = 0;
				GCC_PREPROCESSOR_DEFINITIONS = (
					"DEBUG=1",
					"$(inherited)",
				);
				GCC_WARN_64_TO_32_BIT_CONVERSION = YES;
				GCC_WARN_ABOUT_RETURN_TYPE = YES_ERROR;
				GCC_WARN_UNDECLARED_SELECTOR = YES;
				GCC_WARN_UNINITIALIZED_AUTOS = YES_AGGRESSIVE;
				GCC_WARN_UNUSED_FUNCTION = YES;
				GCC_WARN_UNUSED_VARIABLE = YES;
				IPHONEOS_DEPLOYMENT_TARGET = 13.2;
				MTL_ENABLE_DEBUG_INFO = INCLUDE_SOURCE;
				MTL_FAST_MATH = YES;
				ONLY_ACTIVE_ARCH = YES;
				SDKROOT = iphoneos;
				SWIFT_ACTIVE_COMPILATION_CONDITIONS = DEBUG;
				SWIFT_OPTIMIZATION_LEVEL = "-Onone";
			};
			name = Debug;
		};
		5BBB4A5523DF7AA400BDF97E /* Release */ = {
			isa = XCBuildConfiguration;
			buildSettings = {
				ALWAYS_SEARCH_USER_PATHS = NO;
				CLANG_ANALYZER_NONNULL = YES;
				CLANG_ANALYZER_NUMBER_OBJECT_CONVERSION = YES_AGGRESSIVE;
				CLANG_CXX_LANGUAGE_STANDARD = "gnu++14";
				CLANG_CXX_LIBRARY = "libc++";
				CLANG_ENABLE_MODULES = YES;
				CLANG_ENABLE_OBJC_ARC = YES;
				CLANG_ENABLE_OBJC_WEAK = YES;
				CLANG_WARN_BLOCK_CAPTURE_AUTORELEASING = YES;
				CLANG_WARN_BOOL_CONVERSION = YES;
				CLANG_WARN_COMMA = YES;
				CLANG_WARN_CONSTANT_CONVERSION = YES;
				CLANG_WARN_DEPRECATED_OBJC_IMPLEMENTATIONS = YES;
				CLANG_WARN_DIRECT_OBJC_ISA_USAGE = YES_ERROR;
				CLANG_WARN_DOCUMENTATION_COMMENTS = YES;
				CLANG_WARN_EMPTY_BODY = YES;
				CLANG_WARN_ENUM_CONVERSION = YES;
				CLANG_WARN_INFINITE_RECURSION = YES;
				CLANG_WARN_INT_CONVERSION = YES;
				CLANG_WARN_NON_LITERAL_NULL_CONVERSION = YES;
				CLANG_WARN_OBJC_IMPLICIT_RETAIN_SELF = YES;
				CLANG_WARN_OBJC_LITERAL_CONVERSION = YES;
				CLANG_WARN_OBJC_ROOT_CLASS = YES_ERROR;
				CLANG_WARN_RANGE_LOOP_ANALYSIS = YES;
				CLANG_WARN_STRICT_PROTOTYPES = YES;
				CLANG_WARN_SUSPICIOUS_MOVE = YES;
				CLANG_WARN_UNGUARDED_AVAILABILITY = YES_AGGRESSIVE;
				CLANG_WARN_UNREACHABLE_CODE = YES;
				CLANG_WARN__DUPLICATE_METHOD_MATCH = YES;
				COPY_PHASE_STRIP = NO;
				DEBUG_INFORMATION_FORMAT = "dwarf-with-dsym";
				ENABLE_NS_ASSERTIONS = NO;
				ENABLE_STRICT_OBJC_MSGSEND = YES;
				GCC_C_LANGUAGE_STANDARD = gnu11;
				GCC_NO_COMMON_BLOCKS = YES;
				GCC_WARN_64_TO_32_BIT_CONVERSION = YES;
				GCC_WARN_ABOUT_RETURN_TYPE = YES_ERROR;
				GCC_WARN_UNDECLARED_SELECTOR = YES;
				GCC_WARN_UNINITIALIZED_AUTOS = YES_AGGRESSIVE;
				GCC_WARN_UNUSED_FUNCTION = YES;
				GCC_WARN_UNUSED_VARIABLE = YES;
				IPHONEOS_DEPLOYMENT_TARGET = 13.2;
				MTL_ENABLE_DEBUG_INFO = NO;
				MTL_FAST_MATH = YES;
				SDKROOT = iphoneos;
				SWIFT_COMPILATION_MODE = wholemodule;
				SWIFT_OPTIMIZATION_LEVEL = "-O";
				VALIDATE_PRODUCT = YES;
			};
			name = Release;
		};
		5BBB4A5723DF7AA400BDF97E /* Debug */ = {
			isa = XCBuildConfiguration;
			buildSettings = {
				ASSETCATALOG_COMPILER_APPICON_NAME = AppIcon;
				CODE_SIGN_STYLE = Automatic;
				INFOPLIST_FILE = testgithabList/Info.plist;
				LD_RUNPATH_SEARCH_PATHS = (
					"$(inherited)",
					"@executable_path/Frameworks",
				);
				PRODUCT_BUNDLE_IDENTIFIER = max.testgithabList;
				PRODUCT_NAME = "$(TARGET_NAME)";
				SWIFT_VERSION = 5.0;
				TARGETED_DEVICE_FAMILY = "1,2";
			};
			name = Debug;
		};
		5BBB4A5823DF7AA400BDF97E /* Release */ = {
			isa = XCBuildConfiguration;
			buildSettings = {
				ASSETCATALOG_COMPILER_APPICON_NAME = AppIcon;
				CODE_SIGN_STYLE = Automatic;
				INFOPLIST_FILE = testgithabList/Info.plist;
				LD_RUNPATH_SEARCH_PATHS = (
					"$(inherited)",
					"@executable_path/Frameworks",
				);
				PRODUCT_BUNDLE_IDENTIFIER = max.testgithabList;
				PRODUCT_NAME = "$(TARGET_NAME)";
				SWIFT_VERSION = 5.0;
				TARGETED_DEVICE_FAMILY = "1,2";
			};
			name = Release;
		};
/* End XCBuildConfiguration section */

/* Begin XCConfigurationList section */
		5BBB4A3D23DF7AA200BDF97E /* Build configuration list for PBXProject "testgithabList" */ = {
			isa = XCConfigurationList;
			buildConfigurations = (
				5BBB4A5423DF7AA400BDF97E /* Debug */,
				5BBB4A5523DF7AA400BDF97E /* Release */,
			);
			defaultConfigurationIsVisible = 0;
			defaultConfigurationName = Release;
		};
		5BBB4A5623DF7AA400BDF97E /* Build configuration list for PBXNativeTarget "testgithabList" */ = {
			isa = XCConfigurationList;
			buildConfigurations = (
				5BBB4A5723DF7AA400BDF97E /* Debug */,
				5BBB4A5823DF7AA400BDF97E /* Release */,
			);
			defaultConfigurationIsVisible = 0;
			defaultConfigurationName = Release;
		};
/* End XCConfigurationList section */
	};
	rootObject = 5BBB4A3A23DF7AA200BDF97E /* Project object */;
}
